payload:
#--------------- AI & Разработка (Geoblocked) ---------------
  - DOMAIN-SUFFIX,anthropic.com
  - DOMAIN-SUFFIX,claude.ai
  - DOMAIN-SUFFIX,codeium.com
  - DOMAIN-SUFFIX,elevenlabs.io
  - DOMAIN-SUFFIX,genspark.ai
  - DOMAIN-SUFFIX,groq.com
  - DOMAIN-SUFFIX,hume.ai
  - DOMAIN-SUFFIX,openrouter.ai
  - DOMAIN-SUFFIX,trae.ai
  - DOMAIN-SUFFIX,notion.com
  - DOMAIN-SUFFIX,notion.new
  - DOMAIN-SUFFIX,notion.site
  - DOMAIN-SUFFIX,notion.so
  - DOMAIN-SUFFIX,notion-static.com
  - DOMAIN-SUFFIX,hashicorp.com
  - DOMAIN-SUFFIX,terraform.io
  - DOMAIN-SUFFIX,vagrantcloud.com
  - DOMAIN-SUFFIX,jetbrains.com
  - DOMAIN-SUFFIX,myjetbrains.com
  - DOMAIN-SUFFIX,youtrack.cloud

#--------------- Железо и Технологии ---------------
  - DOMAIN-SUFFIX,intel.com
  - DOMAIN-SUFFIX,nvidia.com
  - DOMAIN-SUFFIX,geforcenow.com
  - DOMAIN-SUFFIX,gfn.am
  - DOMAIN-SUFFIX,tsmc.com
  - DOMAIN-SUFFIX,ti.com
  - DOMAIN-SUFFIX,analog.com
  - DOMAIN-SUFFIX,dell.com
  - DOMAIN-SUFFIX,cisco.com
  - DOMAIN-SUFFIX,fluke.com
  - DOMAIN-SUFFIX,keysight.com

#--------------- Гейминг (Supercell, Xbox, etc.) ---------------
  - DOMAIN-SUFFIX,supercell.com
  - DOMAIN-SUFFIX,clashofclans.com
  - DOMAIN-SUFFIX,brawlstarsgame.com
  - DOMAIN-SUFFIX,squadbustersgame.com
  - DOMAIN-SUFFIX,xboxlive.com
  - DOMAIN-SUFFIX,marvelsnap.com

#--------------- Медиа и Стриминг ---------------
  - DOMAIN-SUFFIX,netflix.com
  - DOMAIN-SUFFIX,netflix.net
  - DOMAIN-SUFFIX,nflxvideo.net
  - DOMAIN-SUFFIX,primevideo.com
  - DOMAIN-SUFFIX,disneyplus.com
  - DOMAIN-SUFFIX,hbomax.com
  - DOMAIN-SUFFIX,max.com
  - DOMAIN-SUFFIX,crunchyroll.com
  - DOMAIN-SUFFIX,deezer.com
  - DOMAIN-SUFFIX,tidal.com

#--------------- Профессиональные и корпоративные ---------------
  - DOMAIN-SUFFIX,adobe.com
  - DOMAIN-SUFFIX,canva.com
  - DOMAIN-SUFFIX,salesforce.com
  - DOMAIN-SUFFIX,force.com
  - DOMAIN-SUFFIX,atlassian.com
  - DOMAIN-SUFFIX,citrix.com
  - DOMAIN-SUFFIX,veeam.com
  - DOMAIN-SUFFIX,teamviewer.com
  - DOMAIN-SUFFIX,ibm.com
  - DOMAIN-SUFFIX,oracle.com

#--------------- Покупки и Жизнь ---------------
  - DOMAIN-SUFFIX,nike.com
  - DOMAIN-SUFFIX,adidas.com
  - DOMAIN-SUFFIX,ikea.com
  - DOMAIN-SUFFIX,iherb.com
  - DOMAIN-SUFFIX,bestbuy.com
